
Microsoft Visual Studio Solution File, Format Version 12.00
# Visual Studio 14
VisualStudioVersion = 14.0.25123.0
MinimumVisualStudioVersion = 10.0.40219.1
Project("{FAE04EC0-301F-11D3-BF4B-00C04F79EFBC}") = "LaFabrikDemo.API", "LaFabrikDemo.API\LaFabrikDemo.API.csproj", "{C60AC864-6F2E-4D7C-82AA-FF6CD6A87A69}"
EndProject
Project("{FAE04EC0-301F-11D3-BF4B-00C04F79EFBC}") = "LaFabrikDemo.Client", "LaFabrikDemo.Client\LaFabrikDemo.Client.csproj", "{B69CB4B3-3053-451E-80EB-4B6547B1CDF6}"
EndProject
Global
	GlobalSection(SolutionConfigurationPlatforms) = preSolution
		Debug|Any CPU = Debug|Any CPU
		Release|Any CPU = Release|Any CPU
	EndGlobalSection
	GlobalSection(ProjectConfigurationPlatforms) = postSolution
		{C60AC864-6F2E-4D7C-82AA-FF6CD6A87A69}.Debug|Any CPU.ActiveCfg = Debug|Any CPU
		{C60AC864-6F2E-4D7C-82AA-FF6CD6A87A69}.Debug|Any CPU.Build.0 = Debug|Any CPU
		{C60AC864-6F2E-4D7C-82AA-FF6CD6A87A69}.Release|Any CPU.ActiveCfg = Release|Any CPU
		{C60AC864-6F2E-4D7C-82AA-FF6CD6A87A69}.Release|Any CPU.Build.0 = Release|Any CPU
		{B69CB4B3-3053-451E-80EB-4B6547B1CDF6}.Debug|Any CPU.ActiveCfg = Debug|Any CPU
		{B69CB4B3-3053-451E-80EB-4B6547B1CDF6}.Debug|Any CPU.Build.0 = Debug|Any CPU
		{B69CB4B3-3053-451E-80EB-4B6547B1CDF6}.Release|Any CPU.ActiveCfg = Release|Any CPU
		{B69CB4B3-3053-451E-80EB-4B6547B1CDF6}.Release|Any CPU.Build.0 = Release|Any CPU
	EndGlobalSection
	GlobalSection(SolutionProperties) = preSolution
		HideSolutionNode = FALSE
	EndGlobalSection
EndGlobal
